
Microsoft Visual Studio Solution File, Format Version 12.00
# Visual Studio 14
VisualStudioVersion = 14.0.25420.1
MinimumVisualStudioVersion = 10.0.40219.1
Project("{8BC9CEB8-8B4A-11D0-8D11-00A0C91BC942}") = "engine-tester", "engine-tester\engine-tester.vcxproj", "{96D121E1-E17D-438E-BACD-28015B9047FD}"
	ProjectSection(ProjectDependencies) = postProject
		{BA62C42A-1018-468C-8695-2D5D98BF2601} = {BA62C42A-1018-468C-8695-2D5D98BF2601}
	EndProjectSection
EndProject
Project("{8BC9CEB8-8B4A-11D0-8D11-00A0C91BC942}") = "azure-engine", "azure-engine\azure-engine.vcxproj", "{BA62C42A-1018-468C-8695-2D5D98BF2601}"
EndProject
Global
	GlobalSection(SolutionConfigurationPlatforms) = preSolution
		Debug|x64 = Debug|x64
		Debug|x86 = Debug|x86
		Release|x64 = Release|x64
		Release|x86 = Release|x86
	EndGlobalSection
	GlobalSection(ProjectConfigurationPlatforms) = postSolution
		{96D121E1-E17D-438E-BACD-28015B9047FD}.Debug|x64.ActiveCfg = Debug|x64
		{96D121E1-E17D-438E-BACD-28015B9047FD}.Debug|x64.Build.0 = Debug|x64
		{96D121E1-E17D-438E-BACD-28015B9047FD}.Debug|x86.ActiveCfg = Debug|Win32
		{96D121E1-E17D-438E-BACD-28015B9047FD}.Debug|x86.Build.0 = Debug|Win32
		{96D121E1-E17D-438E-BACD-28015B9047FD}.Release|x64.ActiveCfg = Release|x64
		{96D121E1-E17D-438E-BACD-28015B9047FD}.Release|x64.Build.0 = Release|x64
		{96D121E1-E17D-438E-BACD-28015B9047FD}.Release|x86.ActiveCfg = Release|Win32
		{96D121E1-E17D-438E-BACD-28015B9047FD}.Release|x86.Build.0 = Release|Win32
		{BA62C42A-1018-468C-8695-2D5D98BF2601}.Debug|x64.ActiveCfg = Debug|x64
		{BA62C42A-1018-468C-8695-2D5D98BF2601}.Debug|x64.Build.0 = Debug|x64
		{BA62C42A-1018-468C-8695-2D5D98BF2601}.Debug|x86.ActiveCfg = Debug|Win32
		{BA62C42A-1018-468C-8695-2D5D98BF2601}.Debug|x86.Build.0 = Debug|Win32
		{BA62C42A-1018-468C-8695-2D5D98BF2601}.Release|x64.ActiveCfg = Release|x64
		{BA62C42A-1018-468C-8695-2D5D98BF2601}.Release|x64.Build.0 = Release|x64
		{BA62C42A-1018-468C-8695-2D5D98BF2601}.Release|x86.ActiveCfg = Release|Win32
		{BA62C42A-1018-468C-8695-2D5D98BF2601}.Release|x86.Build.0 = Release|Win32
	EndGlobalSection
	GlobalSection(SolutionProperties) = preSolution
		HideSolutionNode = FALSE
	EndGlobalSection
EndGlobal
