<?xml version="1.0" encoding="utf-8"?>
<Project ToolsVersion="4.0" xmlns="http://schemas.microsoft.com/developer/msbuild/2003">
  <ItemGroup>
    <Filter Include="Source Files">
      <UniqueIdentifier>{4FC737F1-C7A5-4376-A066-2A32D752A2FF}</UniqueIdentifier>
      <Extensions>cpp;c;cc;cxx;def;odl;idl;hpj;bat;asm;asmx</Extensions>
    </Filter>
    <Filter Include="Header Files">
      <UniqueIdentifier>{93995380-89BD-4b04-88EB-625FBE52EBFB}</UniqueIdentifier>
      <Extensions>h;hh;hpp;hxx;hm;inl;inc;xsd</Extensions>
    </Filter>
    <Filter Include="Resource Files">
      <UniqueIdentifier>{67DA6AB6-F800-4c08-8B7A-83BB121AAD01}</UniqueIdentifier>
      <Extensions>rc;ico;cur;bmp;dlg;rc2;rct;bin;rgs;gif;jpg;jpeg;jpe;resx;tiff;tif;png;wav;mfcribbon-ms</Extensions>
    </Filter>
    <Filter Include="Source Files\core">
      <UniqueIdentifier>{d0ec9daa-3b85-40bc-a566-1a5b72f032a1}</UniqueIdentifier>
    </Filter>
    <Filter Include="Source Files\modules">
      <UniqueIdentifier>{823bacfd-1af5-4c89-a15d-6bd3127ea276}</UniqueIdentifier>
    </Filter>
    <Filter Include="Source Files\logging">
      <UniqueIdentifier>{3af0aa80-6c55-41f5-8e71-269a5664cd29}</UniqueIdentifier>
    </Filter>
  </ItemGroup>
  <ItemGroup>
    <ClCompile Include="src\core\Engine.cpp">
      <Filter>Source Files\core</Filter>
    </ClCompile>
    <ClCompile Include="src\modules\GraphicsModule.cpp">
      <Filter>Source Files\modules</Filter>
    </ClCompile>
    <ClCompile Include="src\logging\Console.cpp">
      <Filter>Source Files\logging</Filter>
    </ClCompile>
    <ClCompile Include="src\core\EngineEntities.cpp">
      <Filter>Source Files\core</Filter>
    </ClCompile>
  </ItemGroup>
  <ItemGroup>
    <ClInclude Include="headers\Engine.h">
      <Filter>Header Files</Filter>
    </ClInclude>
    <ClInclude Include="headers\GraphicsModule.h">
      <Filter>Header Files</Filter>
    </ClInclude>
    <ClInclude Include="headers\Console.h">
      <Filter>Header Files</Filter>
    </ClInclude>
    <ClInclude Include="headers\EngineEntities.h">
      <Filter>Header Files</Filter>
    </ClInclude>
  </ItemGroup>
</Project>